
Microsoft Visual Studio Solution File, Format Version 12.00
# Visual Studio Version 16
VisualStudioVersion = 16.0.30907.101
MinimumVisualStudioVersion = 10.0.40219.1
Project("{9A19103F-16F7-4668-BE54-9A1E7A4F7556}") = "Calculator", "Calculator\Calculator.csproj", "{C0163A35-2578-4FA1-A9C6-CBB82940DBFC}"
EndProject
Project("{FAE04EC0-301F-11D3-BF4B-00C04F79EFBC}") = "CalculatorLibrary", "CalculatorLibrary\CalculatorLibrary.csproj", "{5F84213A-6172-4267-B577-BF9E777C8D8D}"
EndProject
Global
	GlobalSection(SolutionConfigurationPlatforms) = preSolution
		Debug|Any CPU = Debug|Any CPU
		Release|Any CPU = Release|Any CPU
	EndGlobalSection
	GlobalSection(ProjectConfigurationPlatforms) = postSolution
		{C0163A35-2578-4FA1-A9C6-CBB82940DBFC}.Debug|Any CPU.ActiveCfg = Debug|Any CPU
		{C0163A35-2578-4FA1-A9C6-CBB82940DBFC}.Debug|Any CPU.Build.0 = Debug|Any CPU
		{C0163A35-2578-4FA1-A9C6-CBB82940DBFC}.Release|Any CPU.ActiveCfg = Release|Any CPU
		{C0163A35-2578-4FA1-A9C6-CBB82940DBFC}.Release|Any CPU.Build.0 = Release|Any CPU
		{5F84213A-6172-4267-B577-BF9E777C8D8D}.Debug|Any CPU.ActiveCfg = Debug|Any CPU
		{5F84213A-6172-4267-B577-BF9E777C8D8D}.Debug|Any CPU.Build.0 = Debug|Any CPU
		{5F84213A-6172-4267-B577-BF9E777C8D8D}.Release|Any CPU.ActiveCfg = Release|Any CPU
		{5F84213A-6172-4267-B577-BF9E777C8D8D}.Release|Any CPU.Build.0 = Release|Any CPU
	EndGlobalSection
	GlobalSection(SolutionProperties) = preSolution
		HideSolutionNode = FALSE
	EndGlobalSection
	GlobalSection(ExtensibilityGlobals) = postSolution
		SolutionGuid = {C93F7920-B5F9-40D6-9FC5-11C773A437DF}
	EndGlobalSection
EndGlobal
